{
	"name": "half-lead-spliced",
	"version": "1.0.0",
	"lockfileVersion": 3,
	"requires": true,
	"packages": {
		"": {
			"name": "half-lead-spliced",
			"version": "1.0.0",
			"license": "MIT",
			"dependencies": {
				"modern-ahocorasick": "^2.0.4"
			}
		},
		"node_modules/modern-ahocorasick": {
			"version": "2.0.4",
			"resolved": "https://registry.npmjs.org/modern-ahocorasick/-/modern-ahocorasick-2.0.4.tgz",
			"integrity": "sha512-EFe312CXjDE8/nXOJk/LpzPUTNXzFTZCWazQ6rntodIByicqKg9wSqjBSQt1alcTdzwEbMyeTPXnvw9BIxyiRg=="
		}
	}
}
